// !$*UTF8*$!
{
	archiveVersion = 1;
	classes = {
	};
	objectVersion = 55;
	objects = {

/* Begin PBXBuildFile section */
		4237B19327C1BE140067EC59 /* NetworkService.swift in Sources */ = {isa = PBXBuildFile; fileRef = 4237B19227C1BE140067EC59 /* NetworkService.swift */; };
		4237B19727C252A70067EC59 /* ErrorView.swift in Sources */ = {isa = PBXBuildFile; fileRef = 4237B19627C252A70067EC59 /* ErrorView.swift */; };
		42FEA65C27C1098F00A42B00 /* FlightlyApp.swift in Sources */ = {isa = PBXBuildFile; fileRef = 42FEA65B27C1098F00A42B00 /* FlightlyApp.swift */; };
		42FEA65E27C1098F00A42B00 /* FlightListView.swift in Sources */ = {isa = PBXBuildFile; fileRef = 42FEA65D27C1098F00A42B00 /* FlightListView.swift */; };
		42FEA66027C1099400A42B00 /* Assets.xcassets in Resources */ = {isa = PBXBuildFile; fileRef = 42FEA65F27C1099400A42B00 /* Assets.xcassets */; };
		42FEA66327C1099400A42B00 /* Preview Assets.xcassets in Resources */ = {isa = PBXBuildFile; fileRef = 42FEA66227C1099400A42B00 /* Preview Assets.xcassets */; };
		42FEA66D27C1099400A42B00 /* FlightlyTests.swift in Sources */ = {isa = PBXBuildFile; fileRef = 42FEA66C27C1099400A42B00 /* FlightlyTests.swift */; };
		42FEA69227C10FA900A42B00 /* FlightOfferService.swift in Sources */ = {isa = PBXBuildFile; fileRef = 42FEA69127C10FA900A42B00 /* FlightOfferService.swift */; };
		42FEA69427C128E100A42B00 /* FlightListViewModel.swift in Sources */ = {isa = PBXBuildFile; fileRef = 42FEA69327C128E100A42B00 /* FlightListViewModel.swift */; };
		42FEA69627C1359700A42B00 /* FlightListModel.swift in Sources */ = {isa = PBXBuildFile; fileRef = 42FEA69527C1359700A42B00 /* FlightListModel.swift */; };
		42FEA69827C16AD200A42B00 /* FlightViewModel.swift in Sources */ = {isa = PBXBuildFile; fileRef = 42FEA69727C16AD200A42B00 /* FlightViewModel.swift */; };
		42FEA69A27C1AB3400A42B00 /* LoadingView.swift in Sources */ = {isa = PBXBuildFile; fileRef = 42FEA69927C1AB3300A42B00 /* LoadingView.swift */; };
		42FEA69C27C1AB7200A42B00 /* FlightCell.swift in Sources */ = {isa = PBXBuildFile; fileRef = 42FEA69B27C1AB7200A42B00 /* FlightCell.swift */; };
/* End PBXBuildFile section */

/* Begin PBXContainerItemProxy section */
		42FEA66927C1099400A42B00 /* PBXContainerItemProxy */ = {
			isa = PBXContainerItemProxy;
			containerPortal = 42FEA65027C1098F00A42B00 /* Project object */;
			proxyType = 1;
			remoteGlobalIDString = 42FEA65727C1098F00A42B00;
			remoteInfo = Flightly;
		};
		42FEA67327C1099400A42B00 /* PBXContainerItemProxy */ = {
			isa = PBXContainerItemProxy;
			containerPortal = 42FEA65027C1098F00A42B00 /* Project object */;
			proxyType = 1;
			remoteGlobalIDString = 42FEA65727C1098F00A42B00;
			remoteInfo = Flightly;
		};
/* End PBXContainerItemProxy section */

/* Begin PBXFileReference section */
		4237B19227C1BE140067EC59 /* NetworkService.swift */ = {isa = PBXFileReference; lastKnownFileType = sourcecode.swift; path = NetworkService.swift; sourceTree = "<group>"; };
		4237B19627C252A70067EC59 /* ErrorView.swift */ = {isa = PBXFileReference; lastKnownFileType = sourcecode.swift; path = ErrorView.swift; sourceTree = "<group>"; };
		42FEA65827C1098F00A42B00 /* Flightly.app */ = {isa = PBXFileReference; explicitFileType = wrapper.application; includeInIndex = 0; path = Flightly.app; sourceTree = BUILT_PRODUCTS_DIR; };
		42FEA65B27C1098F00A42B00 /* FlightlyApp.swift */ = {isa = PBXFileReference; lastKnownFileType = sourcecode.swift; path = FlightlyApp.swift; sourceTree = "<group>"; };
		42FEA65D27C1098F00A42B00 /* FlightListView.swift */ = {isa = PBXFileReference; lastKnownFileType = sourcecode.swift; path = FlightListView.swift; sourceTree = "<group>"; };
		42FEA65F27C1099400A42B00 /* Assets.xcassets */ = {isa = PBXFileReference; lastKnownFileType = folder.assetcatalog; path = Assets.xcassets; sourceTree = "<group>"; };
		42FEA66227C1099400A42B00 /* Preview Assets.xcassets */ = {isa = PBXFileReference; lastKnownFileType = folder.assetcatalog; path = "Preview Assets.xcassets"; sourceTree = "<group>"; };
		42FEA66827C1099400A42B00 /* FlightlyTests.xctest */ = {isa = PBXFileReference; explicitFileType = wrapper.cfbundle; includeInIndex = 0; path = FlightlyTests.xctest; sourceTree = BUILT_PRODUCTS_DIR; };
		42FEA66C27C1099400A42B00 /* FlightlyTests.swift */ = {isa = PBXFileReference; lastKnownFileType = sourcecode.swift; path = FlightlyTests.swift; sourceTree = "<group>"; };
		42FEA67227C1099400A42B00 /* FlightlyUITests.xctest */ = {isa = PBXFileReference; explicitFileType = wrapper.cfbundle; includeInIndex = 0; path = FlightlyUITests.xctest; sourceTree = BUILT_PRODUCTS_DIR; };
		42FEA69127C10FA900A42B00 /* FlightOfferService.swift */ = {isa = PBXFileReference; lastKnownFileType = sourcecode.swift; path = FlightOfferService.swift; sourceTree = "<group>"; };
		42FEA69327C128E100A42B00 /* FlightListViewModel.swift */ = {isa = PBXFileReference; lastKnownFileType = sourcecode.swift; path = FlightListViewModel.swift; sourceTree = "<group>"; };
		42FEA69527C1359700A42B00 /* FlightListModel.swift */ = {isa = PBXFileReference; lastKnownFileType = sourcecode.swift; path = FlightListModel.swift; sourceTree = "<group>"; };
		42FEA69727C16AD200A42B00 /* FlightViewModel.swift */ = {isa = PBXFileReference; lastKnownFileType = sourcecode.swift; path = FlightViewModel.swift; sourceTree = "<group>"; };
		42FEA69927C1AB3300A42B00 /* LoadingView.swift */ = {isa = PBXFileReference; lastKnownFileType = sourcecode.swift; path = LoadingView.swift; sourceTree = "<group>"; };
		42FEA69B27C1AB7200A42B00 /* FlightCell.swift */ = {isa = PBXFileReference; lastKnownFileType = sourcecode.swift; path = FlightCell.swift; sourceTree = "<group>"; };
/* End PBXFileReference section */

/* Begin PBXFrameworksBuildPhase section */
		42FEA65527C1098F00A42B00 /* Frameworks */ = {
			isa = PBXFrameworksBuildPhase;
			buildActionMask = 2147483647;
			files = (
			);
			runOnlyForDeploymentPostprocessing = 0;
		};
		42FEA66527C1099400A42B00 /* Frameworks */ = {
			isa = PBXFrameworksBuildPhase;
			buildActionMask = 2147483647;
			files = (
			);
			runOnlyForDeploymentPostprocessing = 0;
		};
		42FEA66F27C1099400A42B00 /* Frameworks */ = {
			isa = PBXFrameworksBuildPhase;
			buildActionMask = 2147483647;
			files = (
			);
			runOnlyForDeploymentPostprocessing = 0;
		};
/* End PBXFrameworksBuildPhase section */

/* Begin PBXGroup section */
		4237B19127C1BDB90067EC59 /* Networking */ = {
			isa = PBXGroup;
			children = (
				4237B19227C1BE140067EC59 /* NetworkService.swift */,
			);
			path = Networking;
			sourceTree = "<group>";
		};
		4237B19827C2532F0067EC59 /* View Components */ = {
			isa = PBXGroup;
			children = (
				4237B19627C252A70067EC59 /* ErrorView.swift */,
				42FEA69927C1AB3300A42B00 /* LoadingView.swift */,
			);
			path = "View Components";
			sourceTree = "<group>";
		};
		42FEA64F27C1098F00A42B00 = {
			isa = PBXGroup;
			children = (
				42FEA65A27C1098F00A42B00 /* Flightly */,
				42FEA66B27C1099400A42B00 /* FlightlyTests */,
				42FEA65927C1098F00A42B00 /* Products */,
			);
			sourceTree = "<group>";
		};
		42FEA65927C1098F00A42B00 /* Products */ = {
			isa = PBXGroup;
			children = (
				42FEA65827C1098F00A42B00 /* Flightly.app */,
				42FEA66827C1099400A42B00 /* FlightlyTests.xctest */,
				42FEA67227C1099400A42B00 /* FlightlyUITests.xctest */,
			);
			name = Products;
			sourceTree = "<group>";
		};
		42FEA65A27C1098F00A42B00 /* Flightly */ = {
			isa = PBXGroup;
			children = (
				4237B19827C2532F0067EC59 /* View Components */,
				4237B19127C1BDB90067EC59 /* Networking */,
				42FEA68827C10AB000A42B00 /* Flight Offers */,
				42FEA65B27C1098F00A42B00 /* FlightlyApp.swift */,
				42FEA65F27C1099400A42B00 /* Assets.xcassets */,
				42FEA66127C1099400A42B00 /* Preview Content */,
			);
			path = Flightly;
			sourceTree = "<group>";
		};
		42FEA66127C1099400A42B00 /* Preview Content */ = {
			isa = PBXGroup;
			children = (
				42FEA66227C1099400A42B00 /* Preview Assets.xcassets */,
			);
			path = "Preview Content";
			sourceTree = "<group>";
		};
		42FEA66B27C1099400A42B00 /* FlightlyTests */ = {
			isa = PBXGroup;
			children = (
				42FEA66C27C1099400A42B00 /* FlightlyTests.swift */,
			);
			path = FlightlyTests;
			sourceTree = "<group>";
		};
		42FEA68827C10AB000A42B00 /* Flight Offers */ = {
			isa = PBXGroup;
			children = (
				42FEA69027C10F4B00A42B00 /* Service */,
				42FEA68B27C10B2500A42B00 /* View Model */,
				42FEA68A27C10AEA00A42B00 /* Model */,
				42FEA68927C10AC600A42B00 /* View */,
			);
			path = "Flight Offers";
			sourceTree = "<group>";
		};
		42FEA68927C10AC600A42B00 /* View */ = {
			isa = PBXGroup;
			children = (
				42FEA65D27C1098F00A42B00 /* FlightListView.swift */,
				42FEA69B27C1AB7200A42B00 /* FlightCell.swift */,
			);
			path = View;
			sourceTree = "<group>";
		};
		42FEA68A27C10AEA00A42B00 /* Model */ = {
			isa = PBXGroup;
			children = (
				42FEA69527C1359700A42B00 /* FlightListModel.swift */,
			);
			path = Model;
			sourceTree = "<group>";
		};
		42FEA68B27C10B2500A42B00 /* View Model */ = {
			isa = PBXGroup;
			children = (
				42FEA69327C128E100A42B00 /* FlightListViewModel.swift */,
				42FEA69727C16AD200A42B00 /* FlightViewModel.swift */,
			);
			path = "View Model";
			sourceTree = "<group>";
		};
		42FEA69027C10F4B00A42B00 /* Service */ = {
			isa = PBXGroup;
			children = (
				42FEA69127C10FA900A42B00 /* FlightOfferService.swift */,
			);
			path = Service;
			sourceTree = "<group>";
		};
/* End PBXGroup section */

/* Begin PBXNativeTarget section */
		42FEA65727C1098F00A42B00 /* Flightly */ = {
			isa = PBXNativeTarget;
			buildConfigurationList = 42FEA67C27C1099400A42B00 /* Build configuration list for PBXNativeTarget "Flightly" */;
			buildPhases = (
				42FEA65427C1098F00A42B00 /* Sources */,
				42FEA65527C1098F00A42B00 /* Frameworks */,
				42FEA65627C1098F00A42B00 /* Resources */,
			);
			buildRules = (
			);
			dependencies = (
			);
			name = Flightly;
			productName = Flightly;
			productReference = 42FEA65827C1098F00A42B00 /* Flightly.app */;
			productType = "com.apple.product-type.application";
		};
		42FEA66727C1099400A42B00 /* FlightlyTests */ = {
			isa = PBXNativeTarget;
			buildConfigurationList = 42FEA67F27C1099400A42B00 /* Build configuration list for PBXNativeTarget "FlightlyTests" */;
			buildPhases = (
				42FEA66427C1099400A42B00 /* Sources */,
				42FEA66527C1099400A42B00 /* Frameworks */,
				42FEA66627C1099400A42B00 /* Resources */,
			);
			buildRules = (
			);
			dependencies = (
				42FEA66A27C1099400A42B00 /* PBXTargetDependency */,
			);
			name = FlightlyTests;
			productName = FlightlyTests;
			productReference = 42FEA66827C1099400A42B00 /* FlightlyTests.xctest */;
			productType = "com.apple.product-type.bundle.unit-test";
		};
		42FEA67127C1099400A42B00 /* FlightlyUITests */ = {
			isa = PBXNativeTarget;
			buildConfigurationList = 42FEA68227C1099400A42B00 /* Build configuration list for PBXNativeTarget "FlightlyUITests" */;
			buildPhases = (
				42FEA66E27C1099400A42B00 /* Sources */,
				42FEA66F27C1099400A42B00 /* Frameworks */,
				42FEA67027C1099400A42B00 /* Resources */,
			);
			buildRules = (
			);
			dependencies = (
				42FEA67427C1099400A42B00 /* PBXTargetDependency */,
			);
			name = FlightlyUITests;
			productName = FlightlyUITests;
			productReference = 42FEA67227C1099400A42B00 /* FlightlyUITests.xctest */;
			productType = "com.apple.product-type.bundle.ui-testing";
		};
/* End PBXNativeTarget section */

/* Begin PBXProject section */
		42FEA65027C1098F00A42B00 /* Project object */ = {
			isa = PBXProject;
			attributes = {
				BuildIndependentTargetsInParallel = 1;
				LastSwiftUpdateCheck = 1320;
				LastUpgradeCheck = 1320;
				TargetAttributes = {
					42FEA65727C1098F00A42B00 = {
						CreatedOnToolsVersion = 13.2.1;
					};
					42FEA66727C1099400A42B00 = {
						CreatedOnToolsVersion = 13.2.1;
						TestTargetID = 42FEA65727C1098F00A42B00;
					};
					42FEA67127C1099400A42B00 = {
						CreatedOnToolsVersion = 13.2.1;
						TestTargetID = 42FEA65727C1098F00A42B00;
					};
				};
			};
			buildConfigurationList = 42FEA65327C1098F00A42B00 /* Build configuration list for PBXProject "Flightly" */;
			compatibilityVersion = "Xcode 13.0";
			developmentRegion = en;
			hasScannedForEncodings = 0;
			knownRegions = (
				en,
				Base,
			);
			mainGroup = 42FEA64F27C1098F00A42B00;
			productRefGroup = 42FEA65927C1098F00A42B00 /* Products */;
			projectDirPath = "";
			projectRoot = "";
			targets = (
				42FEA65727C1098F00A42B00 /* Flightly */,
				42FEA66727C1099400A42B00 /* FlightlyTests */,
				42FEA67127C1099400A42B00 /* FlightlyUITests */,
			);
		};
/* End PBXProject section */

/* Begin PBXResourcesBuildPhase section */
		42FEA65627C1098F00A42B00 /* Resources */ = {
			isa = PBXResourcesBuildPhase;
			buildActionMask = 2147483647;
			files = (
				42FEA66327C1099400A42B00 /* Preview Assets.xcassets in Resources */,
				42FEA66027C1099400A42B00 /* Assets.xcassets in Resources */,
			);
			runOnlyForDeploymentPostprocessing = 0;
		};
		42FEA66627C1099400A42B00 /* Resources */ = {
			isa = PBXResourcesBuildPhase;
			buildActionMask = 2147483647;
			files = (
			);
			runOnlyForDeploymentPostprocessing = 0;
		};
		42FEA67027C1099400A42B00 /* Resources */ = {
			isa = PBXResourcesBuildPhase;
			buildActionMask = 2147483647;
			files = (
			);
			runOnlyForDeploymentPostprocessing = 0;
		};
/* End PBXResourcesBuildPhase section */

/* Begin PBXSourcesBuildPhase section */
		42FEA65427C1098F00A42B00 /* Sources */ = {
			isa = PBXSourcesBuildPhase;
			buildActionMask = 2147483647;
			files = (
				42FEA65E27C1098F00A42B00 /* FlightListView.swift in Sources */,
				42FEA69C27C1AB7200A42B00 /* FlightCell.swift in Sources */,
				42FEA69627C1359700A42B00 /* FlightListModel.swift in Sources */,
				42FEA69827C16AD200A42B00 /* FlightViewModel.swift in Sources */,
				42FEA69427C128E100A42B00 /* FlightListViewModel.swift in Sources */,
				4237B19727C252A70067EC59 /* ErrorView.swift in Sources */,
				4237B19327C1BE140067EC59 /* NetworkService.swift in Sources */,
				42FEA69227C10FA900A42B00 /* FlightOfferService.swift in Sources */,
				42FEA69A27C1AB3400A42B00 /* LoadingView.swift in Sources */,
				42FEA65C27C1098F00A42B00 /* FlightlyApp.swift in Sources */,
			);
			runOnlyForDeploymentPostprocessing = 0;
		};
		42FEA66427C1099400A42B00 /* Sources */ = {
			isa = PBXSourcesBuildPhase;
			buildActionMask = 2147483647;
			files = (
				42FEA66D27C1099400A42B00 /* FlightlyTests.swift in Sources */,
			);
			runOnlyForDeploymentPostprocessing = 0;
		};
		42FEA66E27C1099400A42B00 /* Sources */ = {
			isa = PBXSourcesBuildPhase;
			buildActionMask = 2147483647;
			files = (
			);
			runOnlyForDeploymentPostprocessing = 0;
		};
/* End PBXSourcesBuildPhase section */

/* Begin PBXTargetDependency section */
		42FEA66A27C1099400A42B00 /* PBXTargetDependency */ = {
			isa = PBXTargetDependency;
			target = 42FEA65727C1098F00A42B00 /* Flightly */;
			targetProxy = 42FEA66927C1099400A42B00 /* PBXContainerItemProxy */;
		};
		42FEA67427C1099400A42B00 /* PBXTargetDependency */ = {
			isa = PBXTargetDependency;
			target = 42FEA65727C1098F00A42B00 /* Flightly */;
			targetProxy = 42FEA67327C1099400A42B00 /* PBXContainerItemProxy */;
		};
/* End PBXTargetDependency section */

/* Begin XCBuildConfiguration section */
		42FEA67A27C1099400A42B00 /* Debug */ = {
			isa = XCBuildConfiguration;
			buildSettings = {
				ALWAYS_SEARCH_USER_PATHS = NO;
				CLANG_ANALYZER_NONNULL = YES;
				CLANG_ANALYZER_NUMBER_OBJECT_CONVERSION = YES_AGGRESSIVE;
				CLANG_CXX_LANGUAGE_STANDARD = "gnu++17";
				CLANG_CXX_LIBRARY = "libc++";
				CLANG_ENABLE_MODULES = YES;
				CLANG_ENABLE_OBJC_ARC = YES;
				CLANG_ENABLE_OBJC_WEAK = YES;
				CLANG_WARN_BLOCK_CAPTURE_AUTORELEASING = YES;
				CLANG_WARN_BOOL_CONVERSION = YES;
				CLANG_WARN_COMMA = YES;
				CLANG_WARN_CONSTANT_CONVERSION = YES;
				CLANG_WARN_DEPRECATED_OBJC_IMPLEMENTATIONS = YES;
				CLANG_WARN_DIRECT_OBJC_ISA_USAGE = YES_ERROR;
				CLANG_WARN_DOCUMENTATION_COMMENTS = YES;
				CLANG_WARN_EMPTY_BODY = YES;
				CLANG_WARN_ENUM_CONVERSION = YES;
				CLANG_WARN_INFINITE_RECURSION = YES;
				CLANG_WARN_INT_CONVERSION = YES;
				CLANG_WARN_NON_LITERAL_NULL_CONVERSION = YES;
				CLANG_WARN_OBJC_IMPLICIT_RETAIN_SELF = YES;
				CLANG_WARN_OBJC_LITERAL_CONVERSION = YES;
				CLANG_WARN_OBJC_ROOT_CLASS = YES_ERROR;
				CLANG_WARN_QUOTED_INCLUDE_IN_FRAMEWORK_HEADER = YES;
				CLANG_WARN_RANGE_LOOP_ANALYSIS = YES;
				CLANG_WARN_STRICT_PROTOTYPES = YES;
				CLANG_WARN_SUSPICIOUS_MOVE = YES;
				CLANG_WARN_UNGUARDED_AVAILABILITY = YES_AGGRESSIVE;
				CLANG_WARN_UNREACHABLE_CODE = YES;
				CLANG_WARN__DUPLICATE_METHOD_MATCH = YES;
				COPY_PHASE_STRIP = NO;
				DEBUG_INFORMATION_FORMAT = dwarf;
				ENABLE_STRICT_OBJC_MSGSEND = YES;
				ENABLE_TESTABILITY = YES;
				GCC_C_LANGUAGE_STANDARD = gnu11;
				GCC_DYNAMIC_NO_PIC = NO;
				GCC_NO_COMMON_BLOCKS = YES;
				GCC_OPTIMIZATION_LEVEL = 0;
				GCC_PREPROCESSOR_DEFINITIONS = (
					"DEBUG=1",
					"$(inherited)",
				);
				GCC_WARN_64_TO_32_BIT_CONVERSION = YES;
				GCC_WARN_ABOUT_RETURN_TYPE = YES_ERROR;
				GCC_WARN_UNDECLARED_SELECTOR = YES;
				GCC_WARN_UNINITIALIZED_AUTOS = YES_AGGRESSIVE;
				GCC_WARN_UNUSED_FUNCTION = YES;
				GCC_WARN_UNUSED_VARIABLE = YES;
				IPHONEOS_DEPLOYMENT_TARGET = 15.2;
				MTL_ENABLE_DEBUG_INFO = INCLUDE_SOURCE;
				MTL_FAST_MATH = YES;
				ONLY_ACTIVE_ARCH = YES;
				SDKROOT = iphoneos;
				SWIFT_ACTIVE_COMPILATION_CONDITIONS = DEBUG;
				SWIFT_OPTIMIZATION_LEVEL = "-Onone";
			};
			name = Debug;
		};
		42FEA67B27C1099400A42B00 /* Release */ = {
			isa = XCBuildConfiguration;
			buildSettings = {
				ALWAYS_SEARCH_USER_PATHS = NO;
				CLANG_ANALYZER_NONNULL = YES;
				CLANG_ANALYZER_NUMBER_OBJECT_CONVERSION = YES_AGGRESSIVE;
				CLANG_CXX_LANGUAGE_STANDARD = "gnu++17";
				CLANG_CXX_LIBRARY = "libc++";
				CLANG_ENABLE_MODULES = YES;
				CLANG_ENABLE_OBJC_ARC = YES;
				CLANG_ENABLE_OBJC_WEAK = YES;
				CLANG_WARN_BLOCK_CAPTURE_AUTORELEASING = YES;
				CLANG_WARN_BOOL_CONVERSION = YES;
				CLANG_WARN_COMMA = YES;
				CLANG_WARN_CONSTANT_CONVERSION = YES;
				CLANG_WARN_DEPRECATED_OBJC_IMPLEMENTATIONS = YES;
				CLANG_WARN_DIRECT_OBJC_ISA_USAGE = YES_ERROR;
				CLANG_WARN_DOCUMENTATION_COMMENTS = YES;
				CLANG_WARN_EMPTY_BODY = YES;
				CLANG_WARN_ENUM_CONVERSION = YES;
				CLANG_WARN_INFINITE_RECURSION = YES;
				CLANG_WARN_INT_CONVERSION = YES;
				CLANG_WARN_NON_LITERAL_NULL_CONVERSION = YES;
				CLANG_WARN_OBJC_IMPLICIT_RETAIN_SELF = YES;
				CLANG_WARN_OBJC_LITERAL_CONVERSION = YES;
				CLANG_WARN_OBJC_ROOT_CLASS = YES_ERROR;
				CLANG_WARN_QUOTED_INCLUDE_IN_FRAMEWORK_HEADER = YES;
				CLANG_WARN_RANGE_LOOP_ANALYSIS = YES;
				CLANG_WARN_STRICT_PROTOTYPES = YES;
				CLANG_WARN_SUSPICIOUS_MOVE = YES;
				CLANG_WARN_UNGUARDED_AVAILABILITY = YES_AGGRESSIVE;
				CLANG_WARN_UNREACHABLE_CODE = YES;
				CLANG_WARN__DUPLICATE_METHOD_MATCH = YES;
				COPY_PHASE_STRIP = NO;
				DEBUG_INFORMATION_FORMAT = "dwarf-with-dsym";
				ENABLE_NS_ASSERTIONS = NO;
				ENABLE_STRICT_OBJC_MSGSEND = YES;
				GCC_C_LANGUAGE_STANDARD = gnu11;
				GCC_NO_COMMON_BLOCKS = YES;
				GCC_WARN_64_TO_32_BIT_CONVERSION = YES;
				GCC_WARN_ABOUT_RETURN_TYPE = YES_ERROR;
				GCC_WARN_UNDECLARED_SELECTOR = YES;
				GCC_WARN_UNINITIALIZED_AUTOS = YES_AGGRESSIVE;
				GCC_WARN_UNUSED_FUNCTION = YES;
				GCC_WARN_UNUSED_VARIABLE = YES;
				IPHONEOS_DEPLOYMENT_TARGET = 15.2;
				MTL_ENABLE_DEBUG_INFO = NO;
				MTL_FAST_MATH = YES;
				SDKROOT = iphoneos;
				SWIFT_COMPILATION_MODE = wholemodule;
				SWIFT_OPTIMIZATION_LEVEL = "-O";
				VALIDATE_PRODUCT = YES;
			};
			name = Release;
		};
		42FEA67D27C1099400A42B00 /* Debug */ = {
			isa = XCBuildConfiguration;
			buildSettings = {
				ASSETCATALOG_COMPILER_APPICON_NAME = AppIcon;
				ASSETCATALOG_COMPILER_GLOBAL_ACCENT_COLOR_NAME = AccentColor;
				CODE_SIGN_STYLE = Automatic;
				CURRENT_PROJECT_VERSION = 1;
				DEVELOPMENT_ASSET_PATHS = "\"Flightly/Preview Content\"";
				DEVELOPMENT_TEAM = A74JJ433GY;
				ENABLE_PREVIEWS = YES;
				GENERATE_INFOPLIST_FILE = YES;
				INFOPLIST_KEY_UIApplicationSceneManifest_Generation = YES;
				INFOPLIST_KEY_UIApplicationSupportsIndirectInputEvents = YES;
				INFOPLIST_KEY_UILaunchScreen_Generation = YES;
				INFOPLIST_KEY_UISupportedInterfaceOrientations_iPad = "UIInterfaceOrientationPortrait UIInterfaceOrientationPortraitUpsideDown UIInterfaceOrientationLandscapeLeft UIInterfaceOrientationLandscapeRight";
				INFOPLIST_KEY_UISupportedInterfaceOrientations_iPhone = "UIInterfaceOrientationPortrait UIInterfaceOrientationLandscapeLeft UIInterfaceOrientationLandscapeRight";
				LD_RUNPATH_SEARCH_PATHS = (
					"$(inherited)",
					"@executable_path/Frameworks",
				);
				MARKETING_VERSION = 1.0;
				PRODUCT_BUNDLE_IDENTIFIER = Kiwi.Flightly;
				PRODUCT_NAME = "$(TARGET_NAME)";
				SWIFT_EMIT_LOC_STRINGS = YES;
				SWIFT_VERSION = 5.0;
				TARGETED_DEVICE_FAMILY = "1,2";
			};
			name = Debug;
		};
		42FEA67E27C1099400A42B00 /* Release */ = {
			isa = XCBuildConfiguration;
			buildSettings = {
				ASSETCATALOG_COMPILER_APPICON_NAME = AppIcon;
				ASSETCATALOG_COMPILER_GLOBAL_ACCENT_COLOR_NAME = AccentColor;
				CODE_SIGN_STYLE = Automatic;
				CURRENT_PROJECT_VERSION = 1;
				DEVELOPMENT_ASSET_PATHS = "\"Flightly/Preview Content\"";
				DEVELOPMENT_TEAM = A74JJ433GY;
				ENABLE_PREVIEWS = YES;
				GENERATE_INFOPLIST_FILE = YES;
				INFOPLIST_KEY_UIApplicationSceneManifest_Generation = YES;
				INFOPLIST_KEY_UIApplicationSupportsIndirectInputEvents = YES;
				INFOPLIST_KEY_UILaunchScreen_Generation = YES;
				INFOPLIST_KEY_UISupportedInterfaceOrientations_iPad = "UIInterfaceOrientationPortrait UIInterfaceOrientationPortraitUpsideDown UIInterfaceOrientationLandscapeLeft UIInterfaceOrientationLandscapeRight";
				INFOPLIST_KEY_UISupportedInterfaceOrientations_iPhone = "UIInterfaceOrientationPortrait UIInterfaceOrientationLandscapeLeft UIInterfaceOrientationLandscapeRight";
				LD_RUNPATH_SEARCH_PATHS = (
					"$(inherited)",
					"@executable_path/Frameworks",
				);
				MARKETING_VERSION = 1.0;
				PRODUCT_BUNDLE_IDENTIFIER = Kiwi.Flightly;
				PRODUCT_NAME = "$(TARGET_NAME)";
				SWIFT_EMIT_LOC_STRINGS = YES;
				SWIFT_VERSION = 5.0;
				TARGETED_DEVICE_FAMILY = "1,2";
			};
			name = Release;
		};
		42FEA68027C1099400A42B00 /* Debug */ = {
			isa = XCBuildConfiguration;
			buildSettings = {
				ALWAYS_EMBED_SWIFT_STANDARD_LIBRARIES = YES;
				BUNDLE_LOADER = "$(TEST_HOST)";
				CODE_SIGN_STYLE = Automatic;
				CURRENT_PROJECT_VERSION = 1;
				DEVELOPMENT_TEAM = A74JJ433GY;
				GENERATE_INFOPLIST_FILE = YES;
				IPHONEOS_DEPLOYMENT_TARGET = 15.2;
				MARKETING_VERSION = 1.0;
				PRODUCT_BUNDLE_IDENTIFIER = Kiwi.FlightlyTests;
				PRODUCT_NAME = "$(TARGET_NAME)";
				SWIFT_EMIT_LOC_STRINGS = NO;
				SWIFT_VERSION = 5.0;
				TARGETED_DEVICE_FAMILY = "1,2";
				TEST_HOST = "$(BUILT_PRODUCTS_DIR)/Flightly.app/Flightly";
			};
			name = Debug;
		};
		42FEA68127C1099400A42B00 /* Release */ = {
			isa = XCBuildConfiguration;
			buildSettings = {
				ALWAYS_EMBED_SWIFT_STANDARD_LIBRARIES = YES;
				BUNDLE_LOADER = "$(TEST_HOST)";
				CODE_SIGN_STYLE = Automatic;
				CURRENT_PROJECT_VERSION = 1;
				DEVELOPMENT_TEAM = A74JJ433GY;
				GENERATE_INFOPLIST_FILE = YES;
				IPHONEOS_DEPLOYMENT_TARGET = 15.2;
				MARKETING_VERSION = 1.0;
				PRODUCT_BUNDLE_IDENTIFIER = Kiwi.FlightlyTests;
				PRODUCT_NAME = "$(TARGET_NAME)";
				SWIFT_EMIT_LOC_STRINGS = NO;
				SWIFT_VERSION = 5.0;
				TARGETED_DEVICE_FAMILY = "1,2";
				TEST_HOST = "$(BUILT_PRODUCTS_DIR)/Flightly.app/Flightly";
			};
			name = Release;
		};
		42FEA68327C1099400A42B00 /* Debug */ = {
			isa = XCBuildConfiguration;
			buildSettings = {
				ALWAYS_EMBED_SWIFT_STANDARD_LIBRARIES = YES;
				CODE_SIGN_STYLE = Automatic;
				CURRENT_PROJECT_VERSION = 1;
				DEVELOPMENT_TEAM = A74JJ433GY;
				GENERATE_INFOPLIST_FILE = YES;
				MARKETING_VERSION = 1.0;
				PRODUCT_BUNDLE_IDENTIFIER = Kiwi.FlightlyUITests;
				PRODUCT_NAME = "$(TARGET_NAME)";
				SWIFT_EMIT_LOC_STRINGS = NO;
				SWIFT_VERSION = 5.0;
				TARGETED_DEVICE_FAMILY = "1,2";
				TEST_TARGET_NAME = Flightly;
			};
			name = Debug;
		};
		42FEA68427C1099400A42B00 /* Release */ = {
			isa = XCBuildConfiguration;
			buildSettings = {
				ALWAYS_EMBED_SWIFT_STANDARD_LIBRARIES = YES;
				CODE_SIGN_STYLE = Automatic;
				CURRENT_PROJECT_VERSION = 1;
				DEVELOPMENT_TEAM = A74JJ433GY;
				GENERATE_INFOPLIST_FILE = YES;
				MARKETING_VERSION = 1.0;
				PRODUCT_BUNDLE_IDENTIFIER = Kiwi.FlightlyUITests;
				PRODUCT_NAME = "$(TARGET_NAME)";
				SWIFT_EMIT_LOC_STRINGS = NO;
				SWIFT_VERSION = 5.0;
				TARGETED_DEVICE_FAMILY = "1,2";
				TEST_TARGET_NAME = Flightly;
			};
			name = Release;
		};
/* End XCBuildConfiguration section */

/* Begin XCConfigurationList section */
		42FEA65327C1098F00A42B00 /* Build configuration list for PBXProject "Flightly" */ = {
			isa = XCConfigurationList;
			buildConfigurations = (
				42FEA67A27C1099400A42B00 /* Debug */,
				42FEA67B27C1099400A42B00 /* Release */,
			);
			defaultConfigurationIsVisible = 0;
			defaultConfigurationName = Release;
		};
		42FEA67C27C1099400A42B00 /* Build configuration list for PBXNativeTarget "Flightly" */ = {
			isa = XCConfigurationList;
			buildConfigurations = (
				42FEA67D27C1099400A42B00 /* Debug */,
				42FEA67E27C1099400A42B00 /* Release */,
			);
			defaultConfigurationIsVisible = 0;
			defaultConfigurationName = Release;
		};
		42FEA67F27C1099400A42B00 /* Build configuration list for PBXNativeTarget "FlightlyTests" */ = {
			isa = XCConfigurationList;
			buildConfigurations = (
				42FEA68027C1099400A42B00 /* Debug */,
				42FEA68127C1099400A42B00 /* Release */,
			);
			defaultConfigurationIsVisible = 0;
			defaultConfigurationName = Release;
		};
		42FEA68227C1099400A42B00 /* Build configuration list for PBXNativeTarget "FlightlyUITests" */ = {
			isa = XCConfigurationList;
			buildConfigurations = (
				42FEA68327C1099400A42B00 /* Debug */,
				42FEA68427C1099400A42B00 /* Release */,
			);
			defaultConfigurationIsVisible = 0;
			defaultConfigurationName = Release;
		};
/* End XCConfigurationList section */
	};
	rootObject = 42FEA65027C1098F00A42B00 /* Project object */;
}
